// !$*UTF8*$!
{
	archiveVersion = 1;
	classes = {
	};
	objectVersion = 48;
	objects = {

/* Begin PBXBuildFile section */
		C07E152D1FE3A08800FF3BDA /* AppDelegate.swift in Sources */ = {isa = PBXBuildFile; fileRef = C07E152C1FE3A08800FF3BDA /* AppDelegate.swift */; };
		C07E152F1FE3A08800FF3BDA /* ViewController.swift in Sources */ = {isa = PBXBuildFile; fileRef = C07E152E1FE3A08800FF3BDA /* ViewController.swift */; };
		C07E15321FE3A08800FF3BDA /* Main.storyboard in Resources */ = {isa = PBXBuildFile; fileRef = C07E15301FE3A08800FF3BDA /* Main.storyboard */; };
		C07E15341FE3A08800FF3BDA /* Assets.xcassets in Resources */ = {isa = PBXBuildFile; fileRef = C07E15331FE3A08800FF3BDA /* Assets.xcassets */; };
		C07E15371FE3A08800FF3BDA /* LaunchScreen.storyboard in Resources */ = {isa = PBXBuildFile; fileRef = C07E15351FE3A08800FF3BDA /* LaunchScreen.storyboard */; };
		C07E15421FE3A08800FF3BDA /* Black_DogTests.swift in Sources */ = {isa = PBXBuildFile; fileRef = C07E15411FE3A08800FF3BDA /* Black_DogTests.swift */; };
		C07E154D1FE3A08900FF3BDA /* Black_DogUITests.swift in Sources */ = {isa = PBXBuildFile; fileRef = C07E154C1FE3A08900FF3BDA /* Black_DogUITests.swift */; };
/* End PBXBuildFile section */

/* Begin PBXContainerItemProxy section */
		C07E153E1FE3A08800FF3BDA /* PBXContainerItemProxy */ = {
			isa = PBXContainerItemProxy;
			containerPortal = C07E15211FE3A08800FF3BDA /* Project object */;
			proxyType = 1;
			remoteGlobalIDString = C07E15281FE3A08800FF3BDA;
			remoteInfo = "Black Dog";
		};
		C07E15491FE3A08900FF3BDA /* PBXContainerItemProxy */ = {
			isa = PBXContainerItemProxy;
			containerPortal = C07E15211FE3A08800FF3BDA /* Project object */;
			proxyType = 1;
			remoteGlobalIDString = C07E15281FE3A08800FF3BDA;
			remoteInfo = "Black Dog";
		};
/* End PBXContainerItemProxy section */

/* Begin PBXFileReference section */
		C07E15291FE3A08800FF3BDA /* Black Dog.app */ = {isa = PBXFileReference; explicitFileType = wrapper.application; includeInIndex = 0; path = "Black Dog.app"; sourceTree = BUILT_PRODUCTS_DIR; };
		C07E152C1FE3A08800FF3BDA /* AppDelegate.swift */ = {isa = PBXFileReference; lastKnownFileType = sourcecode.swift; path = AppDelegate.swift; sourceTree = "<group>"; };
		C07E152E1FE3A08800FF3BDA /* ViewController.swift */ = {isa = PBXFileReference; lastKnownFileType = sourcecode.swift; path = ViewController.swift; sourceTree = "<group>"; };
		C07E15311FE3A08800FF3BDA /* Base */ = {isa = PBXFileReference; lastKnownFileType = file.storyboard; name = Base; path = Base.lproj/Main.storyboard; sourceTree = "<group>"; };
		C07E15331FE3A08800FF3BDA /* Assets.xcassets */ = {isa = PBXFileReference; lastKnownFileType = folder.assetcatalog; path = Assets.xcassets; sourceTree = "<group>"; };
		C07E15361FE3A08800FF3BDA /* Base */ = {isa = PBXFileReference; lastKnownFileType = file.storyboard; name = Base; path = Base.lproj/LaunchScreen.storyboard; sourceTree = "<group>"; };
		C07E15381FE3A08800FF3BDA /* Info.plist */ = {isa = PBXFileReference; lastKnownFileType = text.plist.xml; path = Info.plist; sourceTree = "<group>"; };
		C07E153D1FE3A08800FF3BDA /* Black DogTests.xctest */ = {isa = PBXFileReference; explicitFileType = wrapper.cfbundle; includeInIndex = 0; path = "Black DogTests.xctest"; sourceTree = BUILT_PRODUCTS_DIR; };
		C07E15411FE3A08800FF3BDA /* Black_DogTests.swift */ = {isa = PBXFileReference; lastKnownFileType = sourcecode.swift; path = Black_DogTests.swift; sourceTree = "<group>"; };
		C07E15431FE3A08900FF3BDA /* Info.plist */ = {isa = PBXFileReference; lastKnownFileType = text.plist.xml; path = Info.plist; sourceTree = "<group>"; };
		C07E15481FE3A08900FF3BDA /* Black DogUITests.xctest */ = {isa = PBXFileReference; explicitFileType = wrapper.cfbundle; includeInIndex = 0; path = "Black DogUITests.xctest"; sourceTree = BUILT_PRODUCTS_DIR; };
		C07E154C1FE3A08900FF3BDA /* Black_DogUITests.swift */ = {isa = PBXFileReference; lastKnownFileType = sourcecode.swift; path = Black_DogUITests.swift; sourceTree = "<group>"; };
		C07E154E1FE3A08900FF3BDA /* Info.plist */ = {isa = PBXFileReference; lastKnownFileType = text.plist.xml; path = Info.plist; sourceTree = "<group>"; };
/* End PBXFileReference section */

/* Begin PBXFrameworksBuildPhase section */
		C07E15261FE3A08800FF3BDA /* Frameworks */ = {
			isa = PBXFrameworksBuildPhase;
			buildActionMask = 2147483647;
			files = (
			);
			runOnlyForDeploymentPostprocessing = 0;
		};
		C07E153A1FE3A08800FF3BDA /* Frameworks */ = {
			isa = PBXFrameworksBuildPhase;
			buildActionMask = 2147483647;
			files = (
			);
			runOnlyForDeploymentPostprocessing = 0;
		};
		C07E15451FE3A08900FF3BDA /* Frameworks */ = {
			isa = PBXFrameworksBuildPhase;
			buildActionMask = 2147483647;
			files = (
			);
			runOnlyForDeploymentPostprocessing = 0;
		};
/* End PBXFrameworksBuildPhase section */

/* Begin PBXGroup section */
		C07E15201FE3A08800FF3BDA = {
			isa = PBXGroup;
			children = (
				C07E152B1FE3A08800FF3BDA /* Black Dog */,
				C07E15401FE3A08800FF3BDA /* Black DogTests */,
				C07E154B1FE3A08900FF3BDA /* Black DogUITests */,
				C07E152A1FE3A08800FF3BDA /* Products */,
			);
			sourceTree = "<group>";
		};
		C07E152A1FE3A08800FF3BDA /* Products */ = {
			isa = PBXGroup;
			children = (
				C07E15291FE3A08800FF3BDA /* Black Dog.app */,
				C07E153D1FE3A08800FF3BDA /* Black DogTests.xctest */,
				C07E15481FE3A08900FF3BDA /* Black DogUITests.xctest */,
			);
			name = Products;
			sourceTree = "<group>";
		};
		C07E152B1FE3A08800FF3BDA /* Black Dog */ = {
			isa = PBXGroup;
			children = (
				C07E152C1FE3A08800FF3BDA /* AppDelegate.swift */,
				C07E152E1FE3A08800FF3BDA /* ViewController.swift */,
				C07E15301FE3A08800FF3BDA /* Main.storyboard */,
				C07E15331FE3A08800FF3BDA /* Assets.xcassets */,
				C07E15351FE3A08800FF3BDA /* LaunchScreen.storyboard */,
				C07E15381FE3A08800FF3BDA /* Info.plist */,
			);
			path = "Black Dog";
			sourceTree = "<group>";
		};
		C07E15401FE3A08800FF3BDA /* Black DogTests */ = {
			isa = PBXGroup;
			children = (
				C07E15411FE3A08800FF3BDA /* Black_DogTests.swift */,
				C07E15431FE3A08900FF3BDA /* Info.plist */,
			);
			path = "Black DogTests";
			sourceTree = "<group>";
		};
		C07E154B1FE3A08900FF3BDA /* Black DogUITests */ = {
			isa = PBXGroup;
			children = (
				C07E154C1FE3A08900FF3BDA /* Black_DogUITests.swift */,
				C07E154E1FE3A08900FF3BDA /* Info.plist */,
			);
			path = "Black DogUITests";
			sourceTree = "<group>";
		};
/* End PBXGroup section */

/* Begin PBXNativeTarget section */
		C07E15281FE3A08800FF3BDA /* Black Dog */ = {
			isa = PBXNativeTarget;
			buildConfigurationList = C07E15511FE3A08900FF3BDA /* Build configuration list for PBXNativeTarget "Black Dog" */;
			buildPhases = (
				C07E15251FE3A08800FF3BDA /* Sources */,
				C07E15261FE3A08800FF3BDA /* Frameworks */,
				C07E15271FE3A08800FF3BDA /* Resources */,
			);
			buildRules = (
			);
			dependencies = (
			);
			name = "Black Dog";
			productName = "Black Dog";
			productReference = C07E15291FE3A08800FF3BDA /* Black Dog.app */;
			productType = "com.apple.product-type.application";
		};
		C07E153C1FE3A08800FF3BDA /* Black DogTests */ = {
			isa = PBXNativeTarget;
			buildConfigurationList = C07E15541FE3A08900FF3BDA /* Build configuration list for PBXNativeTarget "Black DogTests" */;
			buildPhases = (
				C07E15391FE3A08800FF3BDA /* Sources */,
				C07E153A1FE3A08800FF3BDA /* Frameworks */,
				C07E153B1FE3A08800FF3BDA /* Resources */,
			);
			buildRules = (
			);
			dependencies = (
				C07E153F1FE3A08800FF3BDA /* PBXTargetDependency */,
			);
			name = "Black DogTests";
			productName = "Black DogTests";
			productReference = C07E153D1FE3A08800FF3BDA /* Black DogTests.xctest */;
			productType = "com.apple.product-type.bundle.unit-test";
		};
		C07E15471FE3A08900FF3BDA /* Black DogUITests */ = {
			isa = PBXNativeTarget;
			buildConfigurationList = C07E15571FE3A08900FF3BDA /* Build configuration list for PBXNativeTarget "Black DogUITests" */;
			buildPhases = (
				C07E15441FE3A08900FF3BDA /* Sources */,
				C07E15451FE3A08900FF3BDA /* Frameworks */,
				C07E15461FE3A08900FF3BDA /* Resources */,
			);
			buildRules = (
			);
			dependencies = (
				C07E154A1FE3A08900FF3BDA /* PBXTargetDependency */,
			);
			name = "Black DogUITests";
			productName = "Black DogUITests";
			productReference = C07E15481FE3A08900FF3BDA /* Black DogUITests.xctest */;
			productType = "com.apple.product-type.bundle.ui-testing";
		};
/* End PBXNativeTarget section */

/* Begin PBXProject section */
		C07E15211FE3A08800FF3BDA /* Project object */ = {
			isa = PBXProject;
			attributes = {
				LastSwiftUpdateCheck = 0920;
				LastUpgradeCheck = 0920;
				ORGANIZATIONNAME = "Nathan Ooley";
				TargetAttributes = {
					C07E15281FE3A08800FF3BDA = {
						CreatedOnToolsVersion = 9.2;
						ProvisioningStyle = Automatic;
					};
					C07E153C1FE3A08800FF3BDA = {
						CreatedOnToolsVersion = 9.2;
						ProvisioningStyle = Automatic;
						TestTargetID = C07E15281FE3A08800FF3BDA;
					};
					C07E15471FE3A08900FF3BDA = {
						CreatedOnToolsVersion = 9.2;
						ProvisioningStyle = Automatic;
						TestTargetID = C07E15281FE3A08800FF3BDA;
					};
				};
			};
			buildConfigurationList = C07E15241FE3A08800FF3BDA /* Build configuration list for PBXProject "Black Dog" */;
			compatibilityVersion = "Xcode 8.0";
			developmentRegion = en;
			hasScannedForEncodings = 0;
			knownRegions = (
				en,
				Base,
			);
			mainGroup = C07E15201FE3A08800FF3BDA;
			productRefGroup = C07E152A1FE3A08800FF3BDA /* Products */;
			projectDirPath = "";
			projectRoot = "";
			targets = (
				C07E15281FE3A08800FF3BDA /* Black Dog */,
				C07E153C1FE3A08800FF3BDA /* Black DogTests */,
				C07E15471FE3A08900FF3BDA /* Black DogUITests */,
			);
		};
/* End PBXProject section */

/* Begin PBXResourcesBuildPhase section */
		C07E15271FE3A08800FF3BDA /* Resources */ = {
			isa = PBXResourcesBuildPhase;
			buildActionMask = 2147483647;
			files = (
				C07E15371FE3A08800FF3BDA /* LaunchScreen.storyboard in Resources */,
				C07E15341FE3A08800FF3BDA /* Assets.xcassets in Resources */,
				C07E15321FE3A08800FF3BDA /* Main.storyboard in Resources */,
			);
			runOnlyForDeploymentPostprocessing = 0;
		};
		C07E153B1FE3A08800FF3BDA /* Resources */ = {
			isa = PBXResourcesBuildPhase;
			buildActionMask = 2147483647;
			files = (
			);
			runOnlyForDeploymentPostprocessing = 0;
		};
		C07E15461FE3A08900FF3BDA /* Resources */ = {
			isa = PBXResourcesBuildPhase;
			buildActionMask = 2147483647;
			files = (
			);
			runOnlyForDeploymentPostprocessing = 0;
		};
/* End PBXResourcesBuildPhase section */

/* Begin PBXSourcesBuildPhase section */
		C07E15251FE3A08800FF3BDA /* Sources */ = {
			isa = PBXSourcesBuildPhase;
			buildActionMask = 2147483647;
			files = (
				C07E152F1FE3A08800FF3BDA /* ViewController.swift in Sources */,
				C07E152D1FE3A08800FF3BDA /* AppDelegate.swift in Sources */,
			);
			runOnlyForDeploymentPostprocessing = 0;
		};
		C07E15391FE3A08800FF3BDA /* Sources */ = {
			isa = PBXSourcesBuildPhase;
			buildActionMask = 2147483647;
			files = (
				C07E15421FE3A08800FF3BDA /* Black_DogTests.swift in Sources */,
			);
			runOnlyForDeploymentPostprocessing = 0;
		};
		C07E15441FE3A08900FF3BDA /* Sources */ = {
			isa = PBXSourcesBuildPhase;
			buildActionMask = 2147483647;
			files = (
				C07E154D1FE3A08900FF3BDA /* Black_DogUITests.swift in Sources */,
			);
			runOnlyForDeploymentPostprocessing = 0;
		};
/* End PBXSourcesBuildPhase section */

/* Begin PBXTargetDependency section */
		C07E153F1FE3A08800FF3BDA /* PBXTargetDependency */ = {
			isa = PBXTargetDependency;
			target = C07E15281FE3A08800FF3BDA /* Black Dog */;
			targetProxy = C07E153E1FE3A08800FF3BDA /* PBXContainerItemProxy */;
		};
		C07E154A1FE3A08900FF3BDA /* PBXTargetDependency */ = {
			isa = PBXTargetDependency;
			target = C07E15281FE3A08800FF3BDA /* Black Dog */;
			targetProxy = C07E15491FE3A08900FF3BDA /* PBXContainerItemProxy */;
		};
/* End PBXTargetDependency section */

/* Begin PBXVariantGroup section */
		C07E15301FE3A08800FF3BDA /* Main.storyboard */ = {
			isa = PBXVariantGroup;
			children = (
				C07E15311FE3A08800FF3BDA /* Base */,
			);
			name = Main.storyboard;
			sourceTree = "<group>";
		};
		C07E15351FE3A08800FF3BDA /* LaunchScreen.storyboard */ = {
			isa = PBXVariantGroup;
			children = (
				C07E15361FE3A08800FF3BDA /* Base */,
			);
			name = LaunchScreen.storyboard;
			sourceTree = "<group>";
		};
/* End PBXVariantGroup section */

/* Begin XCBuildConfiguration section */
		C07E154F1FE3A08900FF3BDA /* Debug */ = {
			isa = XCBuildConfiguration;
			buildSettings = {
				ALWAYS_SEARCH_USER_PATHS = NO;
				CLANG_ANALYZER_NONNULL = YES;
				CLANG_ANALYZER_NUMBER_OBJECT_CONVERSION = YES_AGGRESSIVE;
				CLANG_CXX_LANGUAGE_STANDARD = "gnu++14";
				CLANG_CXX_LIBRARY = "libc++";
				CLANG_ENABLE_MODULES = YES;
				CLANG_ENABLE_OBJC_ARC = YES;
				CLANG_WARN_BLOCK_CAPTURE_AUTORELEASING = YES;
				CLANG_WARN_BOOL_CONVERSION = YES;
				CLANG_WARN_COMMA = YES;
				CLANG_WARN_CONSTANT_CONVERSION = YES;
				CLANG_WARN_DIRECT_OBJC_ISA_USAGE = YES_ERROR;
				CLANG_WARN_DOCUMENTATION_COMMENTS = YES;
				CLANG_WARN_EMPTY_BODY = YES;
				CLANG_WARN_ENUM_CONVERSION = YES;
				CLANG_WARN_INFINITE_RECURSION = YES;
				CLANG_WARN_INT_CONVERSION = YES;
				CLANG_WARN_NON_LITERAL_NULL_CONVERSION = YES;
				CLANG_WARN_OBJC_LITERAL_CONVERSION = YES;
				CLANG_WARN_OBJC_ROOT_CLASS = YES_ERROR;
				CLANG_WARN_RANGE_LOOP_ANALYSIS = YES;
				CLANG_WARN_STRICT_PROTOTYPES = YES;
				CLANG_WARN_SUSPICIOUS_MOVE = YES;
				CLANG_WARN_UNGUARDED_AVAILABILITY = YES_AGGRESSIVE;
				CLANG_WARN_UNREACHABLE_CODE = YES;
				CLANG_WARN__DUPLICATE_METHOD_MATCH = YES;
				CODE_SIGN_IDENTITY = "iPhone Developer";
				COPY_PHASE_STRIP = NO;
				DEBUG_INFORMATION_FORMAT = dwarf;
				ENABLE_STRICT_OBJC_MSGSEND = YES;
				ENABLE_TESTABILITY = YES;
				GCC_C_LANGUAGE_STANDARD = gnu11;
				GCC_DYNAMIC_NO_PIC = NO;
				GCC_NO_COMMON_BLOCKS = YES;
				GCC_OPTIMIZATION_LEVEL = 0;
				GCC_PREPROCESSOR_DEFINITIONS = (
					"DEBUG=1",
					"$(inherited)",
				);
				GCC_WARN_64_TO_32_BIT_CONVERSION = YES;
				GCC_WARN_ABOUT_RETURN_TYPE = YES_ERROR;
				GCC_WARN_UNDECLARED_SELECTOR = YES;
				GCC_WARN_UNINITIALIZED_AUTOS = YES_AGGRESSIVE;
				GCC_WARN_UNUSED_FUNCTION = YES;
				GCC_WARN_UNUSED_VARIABLE = YES;
				IPHONEOS_DEPLOYMENT_TARGET = 11.2;
				MTL_ENABLE_DEBUG_INFO = YES;
				ONLY_ACTIVE_ARCH = YES;
				SDKROOT = iphoneos;
				SWIFT_ACTIVE_COMPILATION_CONDITIONS = DEBUG;
				SWIFT_OPTIMIZATION_LEVEL = "-Onone";
			};
			name = Debug;
		};
		C07E15501FE3A08900FF3BDA /* Release */ = {
			isa = XCBuildConfiguration;
			buildSettings = {
				ALWAYS_SEARCH_USER_PATHS = NO;
				CLANG_ANALYZER_NONNULL = YES;
				CLANG_ANALYZER_NUMBER_OBJECT_CONVERSION = YES_AGGRESSIVE;
				CLANG_CXX_LANGUAGE_STANDARD = "gnu++14";
				CLANG_CXX_LIBRARY = "libc++";
				CLANG_ENABLE_MODULES = YES;
				CLANG_ENABLE_OBJC_ARC = YES;
				CLANG_WARN_BLOCK_CAPTURE_AUTORELEASING = YES;
				CLANG_WARN_BOOL_CONVERSION = YES;
				CLANG_WARN_COMMA = YES;
				CLANG_WARN_CONSTANT_CONVERSION = YES;
				CLANG_WARN_DIRECT_OBJC_ISA_USAGE = YES_ERROR;
				CLANG_WARN_DOCUMENTATION_COMMENTS = YES;
				CLANG_WARN_EMPTY_BODY = YES;
				CLANG_WARN_ENUM_CONVERSION = YES;
				CLANG_WARN_INFINITE_RECURSION = YES;
				CLANG_WARN_INT_CONVERSION = YES;
				CLANG_WARN_NON_LITERAL_NULL_CONVERSION = YES;
				CLANG_WARN_OBJC_LITERAL_CONVERSION = YES;
				CLANG_WARN_OBJC_ROOT_CLASS = YES_ERROR;
				CLANG_WARN_RANGE_LOOP_ANALYSIS = YES;
				CLANG_WARN_STRICT_PROTOTYPES = YES;
				CLANG_WARN_SUSPICIOUS_MOVE = YES;
				CLANG_WARN_UNGUARDED_AVAILABILITY = YES_AGGRESSIVE;
				CLANG_WARN_UNREACHABLE_CODE = YES;
				CLANG_WARN__DUPLICATE_METHOD_MATCH = YES;
				CODE_SIGN_IDENTITY = "iPhone Developer";
				COPY_PHASE_STRIP = NO;
				DEBUG_INFORMATION_FORMAT = "dwarf-with-dsym";
				ENABLE_NS_ASSERTIONS = NO;
				ENABLE_STRICT_OBJC_MSGSEND = YES;
				GCC_C_LANGUAGE_STANDARD = gnu11;
				GCC_NO_COMMON_BLOCKS = YES;
				GCC_WARN_64_TO_32_BIT_CONVERSION = YES;
				GCC_WARN_ABOUT_RETURN_TYPE = YES_ERROR;
				GCC_WARN_UNDECLARED_SELECTOR = YES;
				GCC_WARN_UNINITIALIZED_AUTOS = YES_AGGRESSIVE;
				GCC_WARN_UNUSED_FUNCTION = YES;
				GCC_WARN_UNUSED_VARIABLE = YES;
				IPHONEOS_DEPLOYMENT_TARGET = 11.2;
				MTL_ENABLE_DEBUG_INFO = NO;
				SDKROOT = iphoneos;
				SWIFT_OPTIMIZATION_LEVEL = "-Owholemodule";
				VALIDATE_PRODUCT = YES;
			};
			name = Release;
		};
		C07E15521FE3A08900FF3BDA /* Debug */ = {
			isa = XCBuildConfiguration;
			buildSettings = {
				ASSETCATALOG_COMPILER_APPICON_NAME = AppIcon;
				CODE_SIGN_STYLE = Automatic;
				INFOPLIST_FILE = "Black Dog/Info.plist";
				LD_RUNPATH_SEARCH_PATHS = "$(inherited) @executable_path/Frameworks";
				PRODUCT_BUNDLE_IDENTIFIER = "com.appmosphere.blackdog.Black-Dog";
				PRODUCT_NAME = "$(TARGET_NAME)";
				SWIFT_VERSION = 4.0;
				TARGETED_DEVICE_FAMILY = "1,2";
			};
			name = Debug;
		};
		C07E15531FE3A08900FF3BDA /* Release */ = {
			isa = XCBuildConfiguration;
			buildSettings = {
				ASSETCATALOG_COMPILER_APPICON_NAME = AppIcon;
				CODE_SIGN_STYLE = Automatic;
				INFOPLIST_FILE = "Black Dog/Info.plist";
				LD_RUNPATH_SEARCH_PATHS = "$(inherited) @executable_path/Frameworks";
				PRODUCT_BUNDLE_IDENTIFIER = "com.appmosphere.blackdog.Black-Dog";
				PRODUCT_NAME = "$(TARGET_NAME)";
				SWIFT_VERSION = 4.0;
				TARGETED_DEVICE_FAMILY = "1,2";
			};
			name = Release;
		};
		C07E15551FE3A08900FF3BDA /* Debug */ = {
			isa = XCBuildConfiguration;
			buildSettings = {
				ALWAYS_EMBED_SWIFT_STANDARD_LIBRARIES = YES;
				BUNDLE_LOADER = "$(TEST_HOST)";
				CODE_SIGN_STYLE = Automatic;
				INFOPLIST_FILE = "Black DogTests/Info.plist";
				LD_RUNPATH_SEARCH_PATHS = "$(inherited) @executable_path/Frameworks @loader_path/Frameworks";
				PRODUCT_BUNDLE_IDENTIFIER = "com.appmosphere.blackdog.Black-DogTests";
				PRODUCT_NAME = "$(TARGET_NAME)";
				SWIFT_VERSION = 4.0;
				TARGETED_DEVICE_FAMILY = "1,2";
				TEST_HOST = "$(BUILT_PRODUCTS_DIR)/Black Dog.app/Black Dog";
			};
			name = Debug;
		};
		C07E15561FE3A08900FF3BDA /* Release */ = {
			isa = XCBuildConfiguration;
			buildSettings = {
				ALWAYS_EMBED_SWIFT_STANDARD_LIBRARIES = YES;
				BUNDLE_LOADER = "$(TEST_HOST)";
				CODE_SIGN_STYLE = Automatic;
				INFOPLIST_FILE = "Black DogTests/Info.plist";
				LD_RUNPATH_SEARCH_PATHS = "$(inherited) @executable_path/Frameworks @loader_path/Frameworks";
				PRODUCT_BUNDLE_IDENTIFIER = "com.appmosphere.blackdog.Black-DogTests";
				PRODUCT_NAME = "$(TARGET_NAME)";
				SWIFT_VERSION = 4.0;
				TARGETED_DEVICE_FAMILY = "1,2";
				TEST_HOST = "$(BUILT_PRODUCTS_DIR)/Black Dog.app/Black Dog";
			};
			name = Release;
		};
		C07E15581FE3A08900FF3BDA /* Debug */ = {
			isa = XCBuildConfiguration;
			buildSettings = {
				ALWAYS_EMBED_SWIFT_STANDARD_LIBRARIES = YES;
				CODE_SIGN_STYLE = Automatic;
				INFOPLIST_FILE = "Black DogUITests/Info.plist";
				LD_RUNPATH_SEARCH_PATHS = "$(inherited) @executable_path/Frameworks @loader_path/Frameworks";
				PRODUCT_BUNDLE_IDENTIFIER = "com.appmosphere.blackdog.Black-DogUITests";
				PRODUCT_NAME = "$(TARGET_NAME)";
				SWIFT_VERSION = 4.0;
				TARGETED_DEVICE_FAMILY = "1,2";
				TEST_TARGET_NAME = "Black Dog";
			};
			name = Debug;
		};
		C07E15591FE3A08900FF3BDA /* Release */ = {
			isa = XCBuildConfiguration;
			buildSettings = {
				ALWAYS_EMBED_SWIFT_STANDARD_LIBRARIES = YES;
				CODE_SIGN_STYLE = Automatic;
				INFOPLIST_FILE = "Black DogUITests/Info.plist";
				LD_RUNPATH_SEARCH_PATHS = "$(inherited) @executable_path/Frameworks @loader_path/Frameworks";
				PRODUCT_BUNDLE_IDENTIFIER = "com.appmosphere.blackdog.Black-DogUITests";
				PRODUCT_NAME = "$(TARGET_NAME)";
				SWIFT_VERSION = 4.0;
				TARGETED_DEVICE_FAMILY = "1,2";
				TEST_TARGET_NAME = "Black Dog";
			};
			name = Release;
		};
/* End XCBuildConfiguration section */

/* Begin XCConfigurationList section */
		C07E15241FE3A08800FF3BDA /* Build configuration list for PBXProject "Black Dog" */ = {
			isa = XCConfigurationList;
			buildConfigurations = (
				C07E154F1FE3A08900FF3BDA /* Debug */,
				C07E15501FE3A08900FF3BDA /* Release */,
			);
			defaultConfigurationIsVisible = 0;
			defaultConfigurationName = Release;
		};
		C07E15511FE3A08900FF3BDA /* Build configuration list for PBXNativeTarget "Black Dog" */ = {
			isa = XCConfigurationList;
			buildConfigurations = (
				C07E15521FE3A08900FF3BDA /* Debug */,
				C07E15531FE3A08900FF3BDA /* Release */,
			);
			defaultConfigurationIsVisible = 0;
			defaultConfigurationName = Release;
		};
		C07E15541FE3A08900FF3BDA /* Build configuration list for PBXNativeTarget "Black DogTests" */ = {
			isa = XCConfigurationList;
			buildConfigurations = (
				C07E15551FE3A08900FF3BDA /* Debug */,
				C07E15561FE3A08900FF3BDA /* Release */,
			);
			defaultConfigurationIsVisible = 0;
			defaultConfigurationName = Release;
		};
		C07E15571FE3A08900FF3BDA /* Build configuration list for PBXNativeTarget "Black DogUITests" */ = {
			isa = XCConfigurationList;
			buildConfigurations = (
				C07E15581FE3A08900FF3BDA /* Debug */,
				C07E15591FE3A08900FF3BDA /* Release */,
			);
			defaultConfigurationIsVisible = 0;
			defaultConfigurationName = Release;
		};
/* End XCConfigurationList section */
	};
	rootObject = C07E15211FE3A08800FF3BDA /* Project object */;
}
